{
  "version": 4,
  "terraform_version": "1.10.1",
  "serial": 8,
  "lineage": "2e4a0c59-cdc4-abd5-aefa-4811713c6d3e",
  "outputs": {
    "count_dir_skipped": {
      "value": 0,
      "type": "number"
    },
    "count_variables_migrated": {
      "value": {
        "ec2_instance_terraform": {
          "count_variables_migrated": 0,
          "workspaces_ids": [
            "ws-AmSATo9xXR5a66Xr"
          ],
          "workspaces_url": [
            "https://app.terraform.io/app/tf-migrate-demo-purpose-tfe-instance/workspaces/ec2_instance_terraform_default"
          ]
        }
      },
      "type": [
        "object",
        {
          "ec2_instance_terraform": [
            "object",
            {
              "count_variables_migrated": "number",
              "workspaces_ids": [
                "tuple",
                [
                  "string"
                ]
              ],
              "workspaces_url": [
                "tuple",
                [
                  "string"
                ]
              ]
            }
          ]
        }
      ]
    },
    "list_of_new_project_ids": {
      "value": [
        "prj-3V5X5Fq6iq6qkRMR"
      ],
      "type": [
        "tuple",
        [
          "string"
        ]
      ]
    },
    "list_of_new_project_names": {
      "value": [
        "ec2_instance_terraform"
      ],
      "type": [
        "tuple",
        [
          "string"
        ]
      ]
    },
    "migration_pr_link": {
      "value": [],
      "type": [
        "tuple",
        []
      ]
    },
    "workspace_ids": {
      "value": {
        "ec2_instance_terraform": {
          "count_variables_migrated": 0,
          "workspaces_ids": [
            "ws-AmSATo9xXR5a66Xr"
          ],
          "workspaces_url": [
            "https://app.terraform.io/app/tf-migrate-demo-purpose-tfe-instance/workspaces/ec2_instance_terraform_default"
          ]
        }
      },
      "type": [
        "object",
        {
          "ec2_instance_terraform": [
            "object",
            {
              "count_variables_migrated": "number",
              "workspaces_ids": [
                "tuple",
                [
                  "string"
                ]
              ],
              "workspaces_url": [
                "tuple",
                [
                  "string"
                ]
              ]
            }
          ]
        }
      ]
    },
    "workspace_urls": {
      "value": {
        "ec2_instance_terraform": {
          "count_variables_migrated": 0,
          "workspaces_ids": [
            "ws-AmSATo9xXR5a66Xr"
          ],
          "workspaces_url": [
            "https://app.terraform.io/app/tf-migrate-demo-purpose-tfe-instance/workspaces/ec2_instance_terraform_default"
          ]
        }
      },
      "type": [
        "object",
        {
          "ec2_instance_terraform": [
            "object",
            {
              "count_variables_migrated": "number",
              "workspaces_ids": [
                "tuple",
                [
                  "string"
                ]
              ],
              "workspaces_url": [
                "tuple",
                [
                  "string"
                ]
              ]
            }
          ]
        }
      ]
    }
  },
  "resources": [
    {
      "mode": "managed",
      "type": "tfe_project",
      "name": "list_of_new_projects",
      "provider": "provider[\"registry.terraform.io/hashicorp/tfe\"]",
      "instances": [
        {
          "index_key": "ec2_instance_terraform",
          "schema_version": 0,
          "attributes": {
            "description": "Created by Terrafrom Migrate from the Github Repository: ",
            "id": "prj-3V5X5Fq6iq6qkRMR",
            "name": "ec2_instance_terraform",
            "organization": "tf-migrate-demo-purpose-tfe-instance"
          },
          "sensitive_attributes": [],
          "private": "bnVsbA=="
        }
      ]
    },
    {
      "module": "module.workspace_and_variables[\"ec2_instance_terraform\"]",
      "mode": "data",
      "type": "tfe_project",
      "name": "project",
      "provider": "provider[\"registry.terraform.io/hashicorp/tfe\"]",
      "instances": [
        {
          "schema_version": 0,
          "attributes": {
            "description": "Created by Terrafrom Migrate from the Github Repository: ",
            "id": "prj-3V5X5Fq6iq6qkRMR",
            "name": "ec2_instance_terraform",
            "organization": "tf-migrate-demo-purpose-tfe-instance",
            "workspace_ids": []
          },
          "sensitive_attributes": []
        }
      ]
    },
    {
      "module": "module.workspace_and_variables[\"ec2_instance_terraform\"]",
      "mode": "managed",
      "type": "tfe_workspace",
      "name": "workspaces",
      "provider": "provider[\"registry.terraform.io/hashicorp/tfe\"]",
      "instances": [
        {
          "index_key": "default",
          "schema_version": 1,
          "attributes": {
            "agent_pool_id": "",
            "allow_destroy_plan": true,
            "assessments_enabled": false,
            "auto_apply": false,
            "auto_apply_run_trigger": false,
            "description": "",
            "execution_mode": "remote",
            "file_triggers_enabled": true,
            "force_delete": false,
            "global_remote_state": false,
            "html_url": "https://app.terraform.io/app/tf-migrate-demo-purpose-tfe-instance/workspaces/ec2_instance_terraform_default",
            "id": "ws-AmSATo9xXR5a66Xr",
            "ignore_additional_tag_names": null,
            "name": "ec2_instance_terraform_default",
            "operations": true,
            "organization": "tf-migrate-demo-purpose-tfe-instance",
            "project_id": "prj-3V5X5Fq6iq6qkRMR",
            "queue_all_runs": false,
            "remote_state_consumer_ids": [],
            "resource_count": 0,
            "source_name": "Tf-Migrate",
            "source_url": "https://github.com/hashicorp/tf-migrate",
            "speculative_enabled": true,
            "ssh_key_id": "",
            "structured_run_output_enabled": true,
            "tag_names": [
              "ec2_instance_terraform"
            ],
            "terraform_version": "1.10.1",
            "trigger_patterns": null,
            "trigger_prefixes": null,
            "vcs_repo": [],
            "working_directory": ""
          },
          "sensitive_attributes": [],
          "private": "eyJzY2hlbWFfdmVyc2lvbiI6IjEifQ==",
          "dependencies": [
            "module.workspace_and_variables.data.tfe_project.project",
            "tfe_project.list_of_new_projects"
          ]
        }
      ]
    },
    {
      "module": "module.workspace_and_variables[\"ec2_instance_terraform\"]",
      "mode": "managed",
      "type": "tfmigrate_state_migration",
      "name": "state-migration",
      "provider": "provider[\"registry.terraform.io/hashicorp/tfmigrate\"]",
      "instances": [
        {
          "index_key": "default",
          "schema_version": 0,
          "attributes": {
            "directory_path": "/Users/harshitchaudhary/Hashicorp/tfe_dockerized/ec2_instance_terraform",
            "local_workspace": "default",
            "org": "tf-migrate-demo-purpose-tfe-instance",
            "tfc_workspace": "ec2_instance_terraform_default"
          },
          "sensitive_attributes": [],
          "dependencies": [
            "module.workspace_and_variables.data.tfe_project.project",
            "module.workspace_and_variables.tfe_workspace.workspaces",
            "module.workspace_and_variables.tfmigrate_terraform_init.terraform_init",
            "tfe_project.list_of_new_projects"
          ]
        }
      ]
    },
    {
      "module": "module.workspace_and_variables[\"ec2_instance_terraform\"]",
      "mode": "managed",
      "type": "tfmigrate_terraform_init",
      "name": "terraform_init",
      "provider": "provider[\"registry.terraform.io/hashicorp/tfmigrate\"]",
      "instances": [
        {
          "schema_version": 0,
          "attributes": {
            "directory_path": "/Users/harshitchaudhary/Hashicorp/tfe_dockerized/ec2_instance_terraform",
            "summary": "Terraform Init Completed."
          },
          "sensitive_attributes": [],
          "dependencies": [
            "module.workspace_and_variables.data.tfe_project.project",
            "module.workspace_and_variables.tfe_workspace.workspaces",
            "tfe_project.list_of_new_projects"
          ]
        }
      ]
    },
    {
      "module": "module.workspace_and_variables[\"ec2_instance_terraform\"]",
      "mode": "managed",
      "type": "tfmigrate_update_backend",
      "name": "update-backend",
      "provider": "provider[\"registry.terraform.io/hashicorp/tfmigrate\"]",
      "instances": [
        {
          "schema_version": 0,
          "attributes": {
            "backend_file_name": "main.tf",
            "directory_path": "/Users/harshitchaudhary/Hashicorp/tfe_dockerized/ec2_instance_terraform",
            "org": "tf-migrate-demo-purpose-tfe-instance",
            "project": "ec2_instance_terraform",
            "tags": [
              "ec2_instance_terraform"
            ],
            "workspace_map": {
              "default": "ec2_instance_terraform_default"
            }
          },
          "sensitive_attributes": [],
          "dependencies": [
            "module.workspace_and_variables.data.tfe_project.project",
            "module.workspace_and_variables.tfe_workspace.workspaces",
            "module.workspace_and_variables.tfmigrate_state_migration.state-migration",
            "module.workspace_and_variables.tfmigrate_terraform_init.terraform_init",
            "tfe_project.list_of_new_projects"
          ]
        }
      ]
    }
  ],
  "check_results": null
}
